
Microsoft Visual Studio Solution File, Format Version 12.00
# Visual Studio Version 17
VisualStudioVersion = 17.5.33516.290
MinimumVisualStudioVersion = 10.0.40219.1
Project("{9A19103F-16F7-4668-BE54-9A1E7A4F7556}") = "Booking.API", "Booking.API\Booking.API.csproj", "{021D36C0-F9BC-4DAF-A0F5-1DE0F6D1BEC7}"
EndProject
Project("{2150E333-8FDC-42A3-9474-1A3956D46DE8}") = "Core", "Core", "{A75B430B-3089-4D65-BDE8-EA5759E2B97F}"
EndProject
Project("{2150E333-8FDC-42A3-9474-1A3956D46DE8}") = "Infrastructure", "Infrastructure", "{78A46215-D6A1-4898-B3E8-1623FA5C3A5D}"
EndProject
Project("{9A19103F-16F7-4668-BE54-9A1E7A4F7556}") = "Booking.Infrastructure", "Booking.Infrastructure\Booking.Infrastructure.csproj", "{C373DBF1-B494-4E28-AC32-F19F7948829E}"
EndProject
Project("{2150E333-8FDC-42A3-9474-1A3956D46DE8}") = "Presentation", "Presentation", "{8A92EFBA-16BE-4209-9BD5-5A7EF98176FE}"
EndProject
Project("{9A19103F-16F7-4668-BE54-9A1E7A4F7556}") = "Booking.Persistance", "Booking.Persistance\Booking.Persistance.csproj", "{CD4C9F38-F039-4FCE-91E7-BA909F60A3FE}"
EndProject
Project("{9A19103F-16F7-4668-BE54-9A1E7A4F7556}") = "Booking.Common", "Booking.Common\Booking.Common.csproj", "{D684C87D-6E27-4E67-B2EC-22B7E03A07F7}"
EndProject
Project("{9A19103F-16F7-4668-BE54-9A1E7A4F7556}") = "Booking.Domain", "Booking.Domain\Booking.Domain.csproj", "{EF3F0249-ADCC-405A-8178-CA11415BD239}"
EndProject
Project("{9A19103F-16F7-4668-BE54-9A1E7A4F7556}") = "Booking.Application", "Booking.Application\Booking.Application.csproj", "{2EB53B19-FFFA-4FB2-A781-03582CD8DC42}"
EndProject
Project("{2150E333-8FDC-42A3-9474-1A3956D46DE8}") = "Tests", "Tests", "{84608A46-5266-4DC8-944E-3657E4BECAA3}"
EndProject
Project("{9A19103F-16F7-4668-BE54-9A1E7A4F7556}") = "Application.UnitTests", "Application.UnitTests\Application.UnitTests.csproj", "{ABFDCD83-0CCE-4E1F-ACA8-4317ACBB0BE0}"
EndProject
Project("{9A19103F-16F7-4668-BE54-9A1E7A4F7556}") = "BookingManagement.Server", "BookingManagement\Server\BookingManagement.Server.csproj", "{157B5F10-0489-40D5-B3EF-52A2BBDB911C}"
EndProject
Project("{9A19103F-16F7-4668-BE54-9A1E7A4F7556}") = "BookingManagement.Client", "BookingManagement\Client\BookingManagement.Client.csproj", "{75EB3385-4A7D-4C5C-91D3-49305531BFBA}"
EndProject
Project("{9A19103F-16F7-4668-BE54-9A1E7A4F7556}") = "BookingManagement.Shared", "BookingManagement\Shared\BookingManagement.Shared.csproj", "{5904C84B-43D8-4D1B-9608-4D0BF710B302}"
EndProject
Project("{FAE04EC0-301F-11D3-BF4B-00C04F79EFBC}") = "BookingManagementBlazor", "BookingManagementBlazor\BookingManagementBlazor.csproj", "{9A84B964-7955-40B8-9843-9FF2ED0FB14E}"
EndProject
Global
	GlobalSection(SolutionConfigurationPlatforms) = preSolution
		Debug|Any CPU = Debug|Any CPU
		Release|Any CPU = Release|Any CPU
	EndGlobalSection
	GlobalSection(ProjectConfigurationPlatforms) = postSolution
		{021D36C0-F9BC-4DAF-A0F5-1DE0F6D1BEC7}.Debug|Any CPU.ActiveCfg = Debug|Any CPU
		{021D36C0-F9BC-4DAF-A0F5-1DE0F6D1BEC7}.Debug|Any CPU.Build.0 = Debug|Any CPU
		{021D36C0-F9BC-4DAF-A0F5-1DE0F6D1BEC7}.Release|Any CPU.ActiveCfg = Release|Any CPU
		{021D36C0-F9BC-4DAF-A0F5-1DE0F6D1BEC7}.Release|Any CPU.Build.0 = Release|Any CPU
		{C373DBF1-B494-4E28-AC32-F19F7948829E}.Debug|Any CPU.ActiveCfg = Debug|Any CPU
		{C373DBF1-B494-4E28-AC32-F19F7948829E}.Debug|Any CPU.Build.0 = Debug|Any CPU
		{C373DBF1-B494-4E28-AC32-F19F7948829E}.Release|Any CPU.ActiveCfg = Release|Any CPU
		{C373DBF1-B494-4E28-AC32-F19F7948829E}.Release|Any CPU.Build.0 = Release|Any CPU
		{CD4C9F38-F039-4FCE-91E7-BA909F60A3FE}.Debug|Any CPU.ActiveCfg = Debug|Any CPU
		{CD4C9F38-F039-4FCE-91E7-BA909F60A3FE}.Debug|Any CPU.Build.0 = Debug|Any CPU
		{CD4C9F38-F039-4FCE-91E7-BA909F60A3FE}.Release|Any CPU.ActiveCfg = Release|Any CPU
		{CD4C9F38-F039-4FCE-91E7-BA909F60A3FE}.Release|Any CPU.Build.0 = Release|Any CPU
		{D684C87D-6E27-4E67-B2EC-22B7E03A07F7}.Debug|Any CPU.ActiveCfg = Debug|Any CPU
		{D684C87D-6E27-4E67-B2EC-22B7E03A07F7}.Debug|Any CPU.Build.0 = Debug|Any CPU
		{D684C87D-6E27-4E67-B2EC-22B7E03A07F7}.Release|Any CPU.ActiveCfg = Release|Any CPU
		{D684C87D-6E27-4E67-B2EC-22B7E03A07F7}.Release|Any CPU.Build.0 = Release|Any CPU
		{EF3F0249-ADCC-405A-8178-CA11415BD239}.Debug|Any CPU.ActiveCfg = Debug|Any CPU
		{EF3F0249-ADCC-405A-8178-CA11415BD239}.Debug|Any CPU.Build.0 = Debug|Any CPU
		{EF3F0249-ADCC-405A-8178-CA11415BD239}.Release|Any CPU.ActiveCfg = Release|Any CPU
		{EF3F0249-ADCC-405A-8178-CA11415BD239}.Release|Any CPU.Build.0 = Release|Any CPU
		{2EB53B19-FFFA-4FB2-A781-03582CD8DC42}.Debug|Any CPU.ActiveCfg = Debug|Any CPU
		{2EB53B19-FFFA-4FB2-A781-03582CD8DC42}.Debug|Any CPU.Build.0 = Debug|Any CPU
		{2EB53B19-FFFA-4FB2-A781-03582CD8DC42}.Release|Any CPU.ActiveCfg = Release|Any CPU
		{2EB53B19-FFFA-4FB2-A781-03582CD8DC42}.Release|Any CPU.Build.0 = Release|Any CPU
		{ABFDCD83-0CCE-4E1F-ACA8-4317ACBB0BE0}.Debug|Any CPU.ActiveCfg = Debug|Any CPU
		{ABFDCD83-0CCE-4E1F-ACA8-4317ACBB0BE0}.Debug|Any CPU.Build.0 = Debug|Any CPU
		{ABFDCD83-0CCE-4E1F-ACA8-4317ACBB0BE0}.Release|Any CPU.ActiveCfg = Release|Any CPU
		{ABFDCD83-0CCE-4E1F-ACA8-4317ACBB0BE0}.Release|Any CPU.Build.0 = Release|Any CPU
		{157B5F10-0489-40D5-B3EF-52A2BBDB911C}.Debug|Any CPU.ActiveCfg = Debug|Any CPU
		{157B5F10-0489-40D5-B3EF-52A2BBDB911C}.Debug|Any CPU.Build.0 = Debug|Any CPU
		{157B5F10-0489-40D5-B3EF-52A2BBDB911C}.Release|Any CPU.ActiveCfg = Release|Any CPU
		{157B5F10-0489-40D5-B3EF-52A2BBDB911C}.Release|Any CPU.Build.0 = Release|Any CPU
		{75EB3385-4A7D-4C5C-91D3-49305531BFBA}.Debug|Any CPU.ActiveCfg = Debug|Any CPU
		{75EB3385-4A7D-4C5C-91D3-49305531BFBA}.Debug|Any CPU.Build.0 = Debug|Any CPU
		{75EB3385-4A7D-4C5C-91D3-49305531BFBA}.Release|Any CPU.ActiveCfg = Release|Any CPU
		{75EB3385-4A7D-4C5C-91D3-49305531BFBA}.Release|Any CPU.Build.0 = Release|Any CPU
		{5904C84B-43D8-4D1B-9608-4D0BF710B302}.Debug|Any CPU.ActiveCfg = Debug|Any CPU
		{5904C84B-43D8-4D1B-9608-4D0BF710B302}.Debug|Any CPU.Build.0 = Debug|Any CPU
		{5904C84B-43D8-4D1B-9608-4D0BF710B302}.Release|Any CPU.ActiveCfg = Release|Any CPU
		{5904C84B-43D8-4D1B-9608-4D0BF710B302}.Release|Any CPU.Build.0 = Release|Any CPU
		{9A84B964-7955-40B8-9843-9FF2ED0FB14E}.Debug|Any CPU.ActiveCfg = Debug|Any CPU
		{9A84B964-7955-40B8-9843-9FF2ED0FB14E}.Debug|Any CPU.Build.0 = Debug|Any CPU
		{9A84B964-7955-40B8-9843-9FF2ED0FB14E}.Release|Any CPU.ActiveCfg = Release|Any CPU
		{9A84B964-7955-40B8-9843-9FF2ED0FB14E}.Release|Any CPU.Build.0 = Release|Any CPU
	EndGlobalSection
	GlobalSection(SolutionProperties) = preSolution
		HideSolutionNode = FALSE
	EndGlobalSection
	GlobalSection(NestedProjects) = preSolution
		{021D36C0-F9BC-4DAF-A0F5-1DE0F6D1BEC7} = {8A92EFBA-16BE-4209-9BD5-5A7EF98176FE}
		{C373DBF1-B494-4E28-AC32-F19F7948829E} = {78A46215-D6A1-4898-B3E8-1623FA5C3A5D}
		{CD4C9F38-F039-4FCE-91E7-BA909F60A3FE} = {78A46215-D6A1-4898-B3E8-1623FA5C3A5D}
		{D684C87D-6E27-4E67-B2EC-22B7E03A07F7} = {A75B430B-3089-4D65-BDE8-EA5759E2B97F}
		{EF3F0249-ADCC-405A-8178-CA11415BD239} = {A75B430B-3089-4D65-BDE8-EA5759E2B97F}
		{2EB53B19-FFFA-4FB2-A781-03582CD8DC42} = {A75B430B-3089-4D65-BDE8-EA5759E2B97F}
		{ABFDCD83-0CCE-4E1F-ACA8-4317ACBB0BE0} = {84608A46-5266-4DC8-944E-3657E4BECAA3}
		{157B5F10-0489-40D5-B3EF-52A2BBDB911C} = {8A92EFBA-16BE-4209-9BD5-5A7EF98176FE}
		{75EB3385-4A7D-4C5C-91D3-49305531BFBA} = {8A92EFBA-16BE-4209-9BD5-5A7EF98176FE}
		{5904C84B-43D8-4D1B-9608-4D0BF710B302} = {8A92EFBA-16BE-4209-9BD5-5A7EF98176FE}
		{9A84B964-7955-40B8-9843-9FF2ED0FB14E} = {8A92EFBA-16BE-4209-9BD5-5A7EF98176FE}
	EndGlobalSection
	GlobalSection(ExtensibilityGlobals) = postSolution
		SolutionGuid = {60619B5B-3B5D-483A-A784-BFEB8A16B1A6}
	EndGlobalSection
EndGlobal
